
Microsoft Visual Studio Solution File, Format Version 12.00
# Visual Studio 2013
VisualStudioVersion = 12.0.21005.1
MinimumVisualStudioVersion = 10.0.40219.1
Project("{FAE04EC0-301F-11D3-BF4B-00C04F79EFBC}") = "TP1", "TP1\TP1.csproj", "{9EC268D5-7DD9-4EA0-8F25-3033B60B091E}"
EndProject
Project("{FAE04EC0-301F-11D3-BF4B-00C04F79EFBC}") = "Rotation", "Rotation\Rotation.csproj", "{2F8E1324-C2BE-48F4-8C70-BC365E9FFE18}"
EndProject
Project("{FAE04EC0-301F-11D3-BF4B-00C04F79EFBC}") = "Circulaire", "Circulaire\Circulaire.csproj", "{B7C161F3-B7E5-4298-8CA3-6D8BBE3F4747}"
EndProject
Global
	GlobalSection(SolutionConfigurationPlatforms) = preSolution
		Debug|Any CPU = Debug|Any CPU
		Release|Any CPU = Release|Any CPU
	EndGlobalSection
	GlobalSection(ProjectConfigurationPlatforms) = postSolution
		{9EC268D5-7DD9-4EA0-8F25-3033B60B091E}.Debug|Any CPU.ActiveCfg = Debug|Any CPU
		{9EC268D5-7DD9-4EA0-8F25-3033B60B091E}.Debug|Any CPU.Build.0 = Debug|Any CPU
		{9EC268D5-7DD9-4EA0-8F25-3033B60B091E}.Release|Any CPU.ActiveCfg = Release|Any CPU
		{9EC268D5-7DD9-4EA0-8F25-3033B60B091E}.Release|Any CPU.Build.0 = Release|Any CPU
		{2F8E1324-C2BE-48F4-8C70-BC365E9FFE18}.Debug|Any CPU.ActiveCfg = Debug|Any CPU
		{2F8E1324-C2BE-48F4-8C70-BC365E9FFE18}.Debug|Any CPU.Build.0 = Debug|Any CPU
		{2F8E1324-C2BE-48F4-8C70-BC365E9FFE18}.Release|Any CPU.ActiveCfg = Release|Any CPU
		{2F8E1324-C2BE-48F4-8C70-BC365E9FFE18}.Release|Any CPU.Build.0 = Release|Any CPU
		{B7C161F3-B7E5-4298-8CA3-6D8BBE3F4747}.Debug|Any CPU.ActiveCfg = Debug|Any CPU
		{B7C161F3-B7E5-4298-8CA3-6D8BBE3F4747}.Debug|Any CPU.Build.0 = Debug|Any CPU
		{B7C161F3-B7E5-4298-8CA3-6D8BBE3F4747}.Release|Any CPU.ActiveCfg = Release|Any CPU
		{B7C161F3-B7E5-4298-8CA3-6D8BBE3F4747}.Release|Any CPU.Build.0 = Release|Any CPU
	EndGlobalSection
	GlobalSection(SolutionProperties) = preSolution
		HideSolutionNode = FALSE
	EndGlobalSection
EndGlobal
